
Microsoft Visual Studio Solution File, Format Version 12.00
# Visual Studio Version 17
VisualStudioVersion = 17.8.34330.188
MinimumVisualStudioVersion = 10.0.40219.1
Project("{FAE04EC0-301F-11D3-BF4B-00C04F79EFBC}") = "ConsumeSpotifyWebAPI", "ConsumeSpotifyWebAPI\ConsumeSpotifyWebAPI.csproj", "{08F78D42-E42D-4B4D-98E7-D2F4EED4CBFE}"
EndProject
Global
	GlobalSection(SolutionConfigurationPlatforms) = preSolution
		Debug|Any CPU = Debug|Any CPU
		Release|Any CPU = Release|Any CPU
	EndGlobalSection
	GlobalSection(ProjectConfigurationPlatforms) = postSolution
		{08F78D42-E42D-4B4D-98E7-D2F4EED4CBFE}.Debug|Any CPU.ActiveCfg = Debug|Any CPU
		{08F78D42-E42D-4B4D-98E7-D2F4EED4CBFE}.Debug|Any CPU.Build.0 = Debug|Any CPU
		{08F78D42-E42D-4B4D-98E7-D2F4EED4CBFE}.Release|Any CPU.ActiveCfg = Release|Any CPU
		{08F78D42-E42D-4B4D-98E7-D2F4EED4CBFE}.Release|Any CPU.Build.0 = Release|Any CPU
	EndGlobalSection
	GlobalSection(SolutionProperties) = preSolution
		HideSolutionNode = FALSE
	EndGlobalSection
	GlobalSection(ExtensibilityGlobals) = postSolution
		SolutionGuid = {D4FD7AB1-259F-4D27-8FBA-E67E6D294721}
	EndGlobalSection
EndGlobal
